// !$*UTF8*$!
{
	archiveVersion = 1;
	classes = {
	};
	objectVersion = 50;
	objects = {

/* Begin PBXBuildFile section */
		6761C08E22D523B6001B0061 /* AppDelegate.swift in Sources */ = {isa = PBXBuildFile; fileRef = 6761C08D22D523B6001B0061 /* AppDelegate.swift */; };
		6761C09022D523B6001B0061 /* SceneDelegate.swift in Sources */ = {isa = PBXBuildFile; fileRef = 6761C08F22D523B6001B0061 /* SceneDelegate.swift */; };
		6761C09222D523B6001B0061 /* ViewController.swift in Sources */ = {isa = PBXBuildFile; fileRef = 6761C09122D523B6001B0061 /* ViewController.swift */; };
		6761C09522D523B6001B0061 /* Main.storyboard in Resources */ = {isa = PBXBuildFile; fileRef = 6761C09322D523B6001B0061 /* Main.storyboard */; };
		6761C09722D523BB001B0061 /* Assets.xcassets in Resources */ = {isa = PBXBuildFile; fileRef = 6761C09622D523BB001B0061 /* Assets.xcassets */; };
		6761C09A22D523BB001B0061 /* LaunchScreen.storyboard in Resources */ = {isa = PBXBuildFile; fileRef = 6761C09822D523BB001B0061 /* LaunchScreen.storyboard */; };
		6761C0A722D538B3001B0061 /* KeyUtility.swift in Sources */ = {isa = PBXBuildFile; fileRef = 6761C0A622D538B3001B0061 /* KeyUtility.swift */; };
/* End PBXBuildFile section */

/* Begin PBXFileReference section */
		6761C08A22D523B6001B0061 /* SEKeyWithAppPassword.app */ = {isa = PBXFileReference; explicitFileType = wrapper.application; includeInIndex = 0; path = SEKeyWithAppPassword.app; sourceTree = BUILT_PRODUCTS_DIR; };
		6761C08D22D523B6001B0061 /* AppDelegate.swift */ = {isa = PBXFileReference; lastKnownFileType = sourcecode.swift; path = AppDelegate.swift; sourceTree = "<group>"; };
		6761C08F22D523B6001B0061 /* SceneDelegate.swift */ = {isa = PBXFileReference; lastKnownFileType = sourcecode.swift; path = SceneDelegate.swift; sourceTree = "<group>"; };
		6761C09122D523B6001B0061 /* ViewController.swift */ = {isa = PBXFileReference; lastKnownFileType = sourcecode.swift; path = ViewController.swift; sourceTree = "<group>"; };
		6761C09422D523B6001B0061 /* Base */ = {isa = PBXFileReference; lastKnownFileType = file.storyboard; name = Base; path = Base.lproj/Main.storyboard; sourceTree = "<group>"; };
		6761C09622D523BB001B0061 /* Assets.xcassets */ = {isa = PBXFileReference; lastKnownFileType = folder.assetcatalog; path = Assets.xcassets; sourceTree = "<group>"; };
		6761C09922D523BB001B0061 /* Base */ = {isa = PBXFileReference; lastKnownFileType = file.storyboard; name = Base; path = Base.lproj/LaunchScreen.storyboard; sourceTree = "<group>"; };
		6761C09B22D523BB001B0061 /* Info.plist */ = {isa = PBXFileReference; lastKnownFileType = text.plist.xml; path = Info.plist; sourceTree = "<group>"; };
		6761C0A622D538B3001B0061 /* KeyUtility.swift */ = {isa = PBXFileReference; lastKnownFileType = sourcecode.swift; path = KeyUtility.swift; sourceTree = "<group>"; };
/* End PBXFileReference section */

/* Begin PBXFrameworksBuildPhase section */
		6761C08722D523B6001B0061 /* Frameworks */ = {
			isa = PBXFrameworksBuildPhase;
			buildActionMask = 2147483647;
			files = (
			);
			runOnlyForDeploymentPostprocessing = 0;
		};
/* End PBXFrameworksBuildPhase section */

/* Begin PBXGroup section */
		6761C08122D523B6001B0061 = {
			isa = PBXGroup;
			children = (
				6761C08C22D523B6001B0061 /* SEKeyWithAppPassword */,
				6761C08B22D523B6001B0061 /* Products */,
			);
			sourceTree = "<group>";
		};
		6761C08B22D523B6001B0061 /* Products */ = {
			isa = PBXGroup;
			children = (
				6761C08A22D523B6001B0061 /* SEKeyWithAppPassword.app */,
			);
			name = Products;
			sourceTree = "<group>";
		};
		6761C08C22D523B6001B0061 /* SEKeyWithAppPassword */ = {
			isa = PBXGroup;
			children = (
				6761C09322D523B6001B0061 /* Main.storyboard */,
				6761C0A122D52702001B0061 /* Supporting */,
				6761C09122D523B6001B0061 /* ViewController.swift */,
				6761C0A622D538B3001B0061 /* KeyUtility.swift */,
			);
			path = SEKeyWithAppPassword;
			sourceTree = "<group>";
		};
		6761C0A122D52702001B0061 /* Supporting */ = {
			isa = PBXGroup;
			children = (
				6761C08D22D523B6001B0061 /* AppDelegate.swift */,
				6761C09622D523BB001B0061 /* Assets.xcassets */,
				6761C09B22D523BB001B0061 /* Info.plist */,
				6761C09822D523BB001B0061 /* LaunchScreen.storyboard */,
				6761C08F22D523B6001B0061 /* SceneDelegate.swift */,
			);
			name = Supporting;
			sourceTree = "<group>";
		};
/* End PBXGroup section */

/* Begin PBXNativeTarget section */
		6761C08922D523B6001B0061 /* SEKeyWithAppPassword */ = {
			isa = PBXNativeTarget;
			buildConfigurationList = 6761C09E22D523BB001B0061 /* Build configuration list for PBXNativeTarget "SEKeyWithAppPassword" */;
			buildPhases = (
				6761C08622D523B6001B0061 /* Sources */,
				6761C08722D523B6001B0061 /* Frameworks */,
				6761C08822D523B6001B0061 /* Resources */,
			);
			buildRules = (
			);
			dependencies = (
			);
			name = SEKeyWithAppPassword;
			productName = SEKeyWithAppPassword;
			productReference = 6761C08A22D523B6001B0061 /* SEKeyWithAppPassword.app */;
			productType = "com.apple.product-type.application";
		};
/* End PBXNativeTarget section */

/* Begin PBXProject section */
		6761C08222D523B6001B0061 /* Project object */ = {
			isa = PBXProject;
			attributes = {
				LastSwiftUpdateCheck = 1100;
				LastUpgradeCheck = 1100;
				ORGANIZATIONNAME = "David Wagner";
				TargetAttributes = {
					6761C08922D523B6001B0061 = {
						CreatedOnToolsVersion = 11.0;
					};
				};
			};
			buildConfigurationList = 6761C08522D523B6001B0061 /* Build configuration list for PBXProject "SEKeyWithAppPassword" */;
			compatibilityVersion = "Xcode 9.3";
			developmentRegion = en;
			hasScannedForEncodings = 0;
			knownRegions = (
				en,
				Base,
			);
			mainGroup = 6761C08122D523B6001B0061;
			productRefGroup = 6761C08B22D523B6001B0061 /* Products */;
			projectDirPath = "";
			projectRoot = "";
			targets = (
				6761C08922D523B6001B0061 /* SEKeyWithAppPassword */,
			);
		};
/* End PBXProject section */

/* Begin PBXResourcesBuildPhase section */
		6761C08822D523B6001B0061 /* Resources */ = {
			isa = PBXResourcesBuildPhase;
			buildActionMask = 2147483647;
			files = (
				6761C09A22D523BB001B0061 /* LaunchScreen.storyboard in Resources */,
				6761C09722D523BB001B0061 /* Assets.xcassets in Resources */,
				6761C09522D523B6001B0061 /* Main.storyboard in Resources */,
			);
			runOnlyForDeploymentPostprocessing = 0;
		};
/* End PBXResourcesBuildPhase section */

/* Begin PBXSourcesBuildPhase section */
		6761C08622D523B6001B0061 /* Sources */ = {
			isa = PBXSourcesBuildPhase;
			buildActionMask = 2147483647;
			files = (
				6761C09222D523B6001B0061 /* ViewController.swift in Sources */,
				6761C08E22D523B6001B0061 /* AppDelegate.swift in Sources */,
				6761C0A722D538B3001B0061 /* KeyUtility.swift in Sources */,
				6761C09022D523B6001B0061 /* SceneDelegate.swift in Sources */,
			);
			runOnlyForDeploymentPostprocessing = 0;
		};
/* End PBXSourcesBuildPhase section */

/* Begin PBXVariantGroup section */
		6761C09322D523B6001B0061 /* Main.storyboard */ = {
			isa = PBXVariantGroup;
			children = (
				6761C09422D523B6001B0061 /* Base */,
			);
			name = Main.storyboard;
			sourceTree = "<group>";
		};
		6761C09822D523BB001B0061 /* LaunchScreen.storyboard */ = {
			isa = PBXVariantGroup;
			children = (
				6761C09922D523BB001B0061 /* Base */,
			);
			name = LaunchScreen.storyboard;
			sourceTree = "<group>";
		};
/* End PBXVariantGroup section */

/* Begin XCBuildConfiguration section */
		6761C09C22D523BB001B0061 /* Debug */ = {
			isa = XCBuildConfiguration;
			buildSettings = {
				ALWAYS_SEARCH_USER_PATHS = NO;
				CLANG_ANALYZER_NONNULL = YES;
				CLANG_ANALYZER_NUMBER_OBJECT_CONVERSION = YES_AGGRESSIVE;
				CLANG_CXX_LANGUAGE_STANDARD = "gnu++14";
				CLANG_CXX_LIBRARY = "libc++";
				CLANG_ENABLE_MODULES = YES;
				CLANG_ENABLE_OBJC_ARC = YES;
				CLANG_ENABLE_OBJC_WEAK = YES;
				CLANG_WARN_BLOCK_CAPTURE_AUTORELEASING = YES;
				CLANG_WARN_BOOL_CONVERSION = YES;
				CLANG_WARN_COMMA = YES;
				CLANG_WARN_CONSTANT_CONVERSION = YES;
				CLANG_WARN_DEPRECATED_OBJC_IMPLEMENTATIONS = YES;
				CLANG_WARN_DIRECT_OBJC_ISA_USAGE = YES_ERROR;
				CLANG_WARN_DOCUMENTATION_COMMENTS = YES;
				CLANG_WARN_EMPTY_BODY = YES;
				CLANG_WARN_ENUM_CONVERSION = YES;
				CLANG_WARN_INFINITE_RECURSION = YES;
				CLANG_WARN_INT_CONVERSION = YES;
				CLANG_WARN_NON_LITERAL_NULL_CONVERSION = YES;
				CLANG_WARN_OBJC_IMPLICIT_RETAIN_SELF = YES;
				CLANG_WARN_OBJC_LITERAL_CONVERSION = YES;
				CLANG_WARN_OBJC_ROOT_CLASS = YES_ERROR;
				CLANG_WARN_RANGE_LOOP_ANALYSIS = YES;
				CLANG_WARN_STRICT_PROTOTYPES = YES;
				CLANG_WARN_SUSPICIOUS_MOVE = YES;
				CLANG_WARN_UNGUARDED_AVAILABILITY = YES_AGGRESSIVE;
				CLANG_WARN_UNREACHABLE_CODE = YES;
				CLANG_WARN__DUPLICATE_METHOD_MATCH = YES;
				COPY_PHASE_STRIP = NO;
				DEBUG_INFORMATION_FORMAT = dwarf;
				ENABLE_STRICT_OBJC_MSGSEND = YES;
				ENABLE_TESTABILITY = YES;
				GCC_C_LANGUAGE_STANDARD = gnu11;
				GCC_DYNAMIC_NO_PIC = NO;
				GCC_NO_COMMON_BLOCKS = YES;
				GCC_OPTIMIZATION_LEVEL = 0;
				GCC_PREPROCESSOR_DEFINITIONS = (
					"DEBUG=1",
					"$(inherited)",
				);
				GCC_WARN_64_TO_32_BIT_CONVERSION = YES;
				GCC_WARN_ABOUT_RETURN_TYPE = YES_ERROR;
				GCC_WARN_UNDECLARED_SELECTOR = YES;
				GCC_WARN_UNINITIALIZED_AUTOS = YES_AGGRESSIVE;
				GCC_WARN_UNUSED_FUNCTION = YES;
				GCC_WARN_UNUSED_VARIABLE = YES;
				IPHONEOS_DEPLOYMENT_TARGET = 12.3;
				MTL_ENABLE_DEBUG_INFO = INCLUDE_SOURCE;
				MTL_FAST_MATH = YES;
				ONLY_ACTIVE_ARCH = YES;
				SDKROOT = iphoneos;
				SWIFT_ACTIVE_COMPILATION_CONDITIONS = DEBUG;
				SWIFT_OPTIMIZATION_LEVEL = "-Onone";
			};
			name = Debug;
		};
		6761C09D22D523BB001B0061 /* Release */ = {
			isa = XCBuildConfiguration;
			buildSettings = {
				ALWAYS_SEARCH_USER_PATHS = NO;
				CLANG_ANALYZER_NONNULL = YES;
				CLANG_ANALYZER_NUMBER_OBJECT_CONVERSION = YES_AGGRESSIVE;
				CLANG_CXX_LANGUAGE_STANDARD = "gnu++14";
				CLANG_CXX_LIBRARY = "libc++";
				CLANG_ENABLE_MODULES = YES;
				CLANG_ENABLE_OBJC_ARC = YES;
				CLANG_ENABLE_OBJC_WEAK = YES;
				CLANG_WARN_BLOCK_CAPTURE_AUTORELEASING = YES;
				CLANG_WARN_BOOL_CONVERSION = YES;
				CLANG_WARN_COMMA = YES;
				CLANG_WARN_CONSTANT_CONVERSION = YES;
				CLANG_WARN_DEPRECATED_OBJC_IMPLEMENTATIONS = YES;
				CLANG_WARN_DIRECT_OBJC_ISA_USAGE = YES_ERROR;
				CLANG_WARN_DOCUMENTATION_COMMENTS = YES;
				CLANG_WARN_EMPTY_BODY = YES;
				CLANG_WARN_ENUM_CONVERSION = YES;
				CLANG_WARN_INFINITE_RECURSION = YES;
				CLANG_WARN_INT_CONVERSION = YES;
				CLANG_WARN_NON_LITERAL_NULL_CONVERSION = YES;
				CLANG_WARN_OBJC_IMPLICIT_RETAIN_SELF = YES;
				CLANG_WARN_OBJC_LITERAL_CONVERSION = YES;
				CLANG_WARN_OBJC_ROOT_CLASS = YES_ERROR;
				CLANG_WARN_RANGE_LOOP_ANALYSIS = YES;
				CLANG_WARN_STRICT_PROTOTYPES = YES;
				CLANG_WARN_SUSPICIOUS_MOVE = YES;
				CLANG_WARN_UNGUARDED_AVAILABILITY = YES_AGGRESSIVE;
				CLANG_WARN_UNREACHABLE_CODE = YES;
				CLANG_WARN__DUPLICATE_METHOD_MATCH = YES;
				COPY_PHASE_STRIP = NO;
				DEBUG_INFORMATION_FORMAT = "dwarf-with-dsym";
				ENABLE_NS_ASSERTIONS = NO;
				ENABLE_STRICT_OBJC_MSGSEND = YES;
				GCC_C_LANGUAGE_STANDARD = gnu11;
				GCC_NO_COMMON_BLOCKS = YES;
				GCC_WARN_64_TO_32_BIT_CONVERSION = YES;
				GCC_WARN_ABOUT_RETURN_TYPE = YES_ERROR;
				GCC_WARN_UNDECLARED_SELECTOR = YES;
				GCC_WARN_UNINITIALIZED_AUTOS = YES_AGGRESSIVE;
				GCC_WARN_UNUSED_FUNCTION = YES;
				GCC_WARN_UNUSED_VARIABLE = YES;
				IPHONEOS_DEPLOYMENT_TARGET = 12.3;
				MTL_ENABLE_DEBUG_INFO = NO;
				MTL_FAST_MATH = YES;
				SDKROOT = iphoneos;
				SWIFT_COMPILATION_MODE = wholemodule;
				SWIFT_OPTIMIZATION_LEVEL = "-O";
				VALIDATE_PRODUCT = YES;
			};
			name = Release;
		};
		6761C09F22D523BB001B0061 /* Debug */ = {
			isa = XCBuildConfiguration;
			buildSettings = {
				ASSETCATALOG_COMPILER_APPICON_NAME = AppIcon;
				CODE_SIGN_STYLE = Automatic;
				DEVELOPMENT_TEAM = A8NKHWJDUL;
				INFOPLIST_FILE = SEKeyWithAppPassword/Info.plist;
				LD_RUNPATH_SEARCH_PATHS = (
					"$(inherited)",
					"@executable_path/Frameworks",
				);
				PRODUCT_BUNDLE_IDENTIFIER = com.noiseandheat.ios.experiments.SEKeyWithAppPassword;
				PRODUCT_NAME = "$(TARGET_NAME)";
				SWIFT_VERSION = 5.0;
				TARGETED_DEVICE_FAMILY = "1,2";
			};
			name = Debug;
		};
		6761C0A022D523BB001B0061 /* Release */ = {
			isa = XCBuildConfiguration;
			buildSettings = {
				ASSETCATALOG_COMPILER_APPICON_NAME = AppIcon;
				CODE_SIGN_STYLE = Automatic;
				DEVELOPMENT_TEAM = A8NKHWJDUL;
				INFOPLIST_FILE = SEKeyWithAppPassword/Info.plist;
				LD_RUNPATH_SEARCH_PATHS = (
					"$(inherited)",
					"@executable_path/Frameworks",
				);
				PRODUCT_BUNDLE_IDENTIFIER = com.noiseandheat.ios.experiments.SEKeyWithAppPassword;
				PRODUCT_NAME = "$(TARGET_NAME)";
				SWIFT_VERSION = 5.0;
				TARGETED_DEVICE_FAMILY = "1,2";
			};
			name = Release;
		};
/* End XCBuildConfiguration section */

/* Begin XCConfigurationList section */
		6761C08522D523B6001B0061 /* Build configuration list for PBXProject "SEKeyWithAppPassword" */ = {
			isa = XCConfigurationList;
			buildConfigurations = (
				6761C09C22D523BB001B0061 /* Debug */,
				6761C09D22D523BB001B0061 /* Release */,
			);
			defaultConfigurationIsVisible = 0;
			defaultConfigurationName = Release;
		};
		6761C09E22D523BB001B0061 /* Build configuration list for PBXNativeTarget "SEKeyWithAppPassword" */ = {
			isa = XCConfigurationList;
			buildConfigurations = (
				6761C09F22D523BB001B0061 /* Debug */,
				6761C0A022D523BB001B0061 /* Release */,
			);
			defaultConfigurationIsVisible = 0;
			defaultConfigurationName = Release;
		};
/* End XCConfigurationList section */
	};
	rootObject = 6761C08222D523B6001B0061 /* Project object */;
}
